
Microsoft Visual Studio Solution File, Format Version 12.00
# Visual Studio Version 17
VisualStudioVersion = 17.14.36518.9 d17.14
MinimumVisualStudioVersion = 10.0.40219.1
Project("{FAE04EC0-301F-11D3-BF4B-00C04F79EFBC}") = "OrganizeationApp", "OrganizeationApp\OrganizeationApp.csproj", "{1518ED1B-59A6-4E90-84CA-9DC34D4821DA}"
EndProject
Global
	GlobalSection(SolutionConfigurationPlatforms) = preSolution
		Debug|Any CPU = Debug|Any CPU
		Release|Any CPU = Release|Any CPU
	EndGlobalSection
	GlobalSection(ProjectConfigurationPlatforms) = postSolution
		{1518ED1B-59A6-4E90-84CA-9DC34D4821DA}.Debug|Any CPU.ActiveCfg = Debug|Any CPU
		{1518ED1B-59A6-4E90-84CA-9DC34D4821DA}.Debug|Any CPU.Build.0 = Debug|Any CPU
		{1518ED1B-59A6-4E90-84CA-9DC34D4821DA}.Release|Any CPU.ActiveCfg = Release|Any CPU
		{1518ED1B-59A6-4E90-84CA-9DC34D4821DA}.Release|Any CPU.Build.0 = Release|Any CPU
	EndGlobalSection
	GlobalSection(SolutionProperties) = preSolution
		HideSolutionNode = FALSE
	EndGlobalSection
	GlobalSection(ExtensibilityGlobals) = postSolution
		SolutionGuid = {BFDADEF6-860D-4031-AAF9-2308F80FC5B5}
	EndGlobalSection
EndGlobal
