
Microsoft Visual Studio Solution File, Format Version 12.00
# Visual Studio Version 17
VisualStudioVersion = 17.0.31903.59
MinimumVisualStudioVersion = 10.0.40219.1
Project("{FAE04EC0-301F-11D3-BF4B-00C04F79EFBC}") = "Tester_Tuan4", "Tester_Tuan4\Tester_Tuan4.csproj", "{A27123DC-E569-4995-97D2-B1B7DFF7438D}"
EndProject
Project("{FAE04EC0-301F-11D3-BF4B-00C04F79EFBC}") = "Tester_Tuan4.Tests", "Tester_Tuan4.Tests\Tester_Tuan4.Tests.csproj", "{CADA591F-8028-488A-A669-A0F2251FD357}"
EndProject
Global
	GlobalSection(SolutionConfigurationPlatforms) = preSolution
		Debug|Any CPU = Debug|Any CPU
		Debug|x64 = Debug|x64
		Debug|x86 = Debug|x86
		Release|Any CPU = Release|Any CPU
		Release|x64 = Release|x64
		Release|x86 = Release|x86
	EndGlobalSection
	GlobalSection(ProjectConfigurationPlatforms) = postSolution
		{A27123DC-E569-4995-97D2-B1B7DFF7438D}.Debug|Any CPU.ActiveCfg = Debug|Any CPU
		{A27123DC-E569-4995-97D2-B1B7DFF7438D}.Debug|Any CPU.Build.0 = Debug|Any CPU
		{A27123DC-E569-4995-97D2-B1B7DFF7438D}.Debug|x64.ActiveCfg = Debug|Any CPU
		{A27123DC-E569-4995-97D2-B1B7DFF7438D}.Debug|x64.Build.0 = Debug|Any CPU
		{A27123DC-E569-4995-97D2-B1B7DFF7438D}.Debug|x86.ActiveCfg = Debug|Any CPU
		{A27123DC-E569-4995-97D2-B1B7DFF7438D}.Debug|x86.Build.0 = Debug|Any CPU
		{A27123DC-E569-4995-97D2-B1B7DFF7438D}.Release|Any CPU.ActiveCfg = Release|Any CPU
		{A27123DC-E569-4995-97D2-B1B7DFF7438D}.Release|Any CPU.Build.0 = Release|Any CPU
		{A27123DC-E569-4995-97D2-B1B7DFF7438D}.Release|x64.ActiveCfg = Release|Any CPU
		{A27123DC-E569-4995-97D2-B1B7DFF7438D}.Release|x64.Build.0 = Release|Any CPU
		{A27123DC-E569-4995-97D2-B1B7DFF7438D}.Release|x86.ActiveCfg = Release|Any CPU
		{A27123DC-E569-4995-97D2-B1B7DFF7438D}.Release|x86.Build.0 = Release|Any CPU
		{CADA591F-8028-488A-A669-A0F2251FD357}.Debug|Any CPU.ActiveCfg = Debug|Any CPU
		{CADA591F-8028-488A-A669-A0F2251FD357}.Debug|Any CPU.Build.0 = Debug|Any CPU
		{CADA591F-8028-488A-A669-A0F2251FD357}.Debug|x64.ActiveCfg = Debug|Any CPU
		{CADA591F-8028-488A-A669-A0F2251FD357}.Debug|x64.Build.0 = Debug|Any CPU
		{CADA591F-8028-488A-A669-A0F2251FD357}.Debug|x86.ActiveCfg = Debug|Any CPU
		{CADA591F-8028-488A-A669-A0F2251FD357}.Debug|x86.Build.0 = Debug|Any CPU
		{CADA591F-8028-488A-A669-A0F2251FD357}.Release|Any CPU.ActiveCfg = Release|Any CPU
		{CADA591F-8028-488A-A669-A0F2251FD357}.Release|Any CPU.Build.0 = Release|Any CPU
		{CADA591F-8028-488A-A669-A0F2251FD357}.Release|x64.ActiveCfg = Release|Any CPU
		{CADA591F-8028-488A-A669-A0F2251FD357}.Release|x64.Build.0 = Release|Any CPU
		{CADA591F-8028-488A-A669-A0F2251FD357}.Release|x86.ActiveCfg = Release|Any CPU
		{CADA591F-8028-488A-A669-A0F2251FD357}.Release|x86.Build.0 = Release|Any CPU
	EndGlobalSection
	GlobalSection(SolutionProperties) = preSolution
		HideSolutionNode = FALSE
	EndGlobalSection
EndGlobal
